// !$*UTF8*$!
{
	archiveVersion = 1;
	classes = {
	};
	objectVersion = 46;
	objects = {

/* Begin PBXBuildFile section */
		141003DC1D103F1900FF335F /* board.png in Resources */ = {isa = PBXBuildFile; fileRef = 141003DB1D103F1900FF335F /* board.png */; };
		143232D71D1058A500AF4065 /* note1.png in Resources */ = {isa = PBXBuildFile; fileRef = 143232D41D1058A500AF4065 /* note1.png */; };
		143232D81D1058A500AF4065 /* note2.png in Resources */ = {isa = PBXBuildFile; fileRef = 143232D51D1058A500AF4065 /* note2.png */; };
		143232D91D1058A500AF4065 /* note3.png in Resources */ = {isa = PBXBuildFile; fileRef = 143232D61D1058A500AF4065 /* note3.png */; };
		14810A051D10094500CAF449 /* AppDelegate.swift in Sources */ = {isa = PBXBuildFile; fileRef = 14810A041D10094500CAF449 /* AppDelegate.swift */; };
		14810A071D10094500CAF449 /* ViewController.swift in Sources */ = {isa = PBXBuildFile; fileRef = 14810A061D10094500CAF449 /* ViewController.swift */; };
		14810A0A1D10094500CAF449 /* Main.storyboard in Resources */ = {isa = PBXBuildFile; fileRef = 14810A081D10094500CAF449 /* Main.storyboard */; };
		14810A0C1D10094500CAF449 /* Assets.xcassets in Resources */ = {isa = PBXBuildFile; fileRef = 14810A0B1D10094500CAF449 /* Assets.xcassets */; };
		14810A0F1D10094500CAF449 /* LaunchScreen.storyboard in Resources */ = {isa = PBXBuildFile; fileRef = 14810A0D1D10094500CAF449 /* LaunchScreen.storyboard */; };
		14810A1A1D1009F700CAF449 /* background.jpg in Resources */ = {isa = PBXBuildFile; fileRef = 14810A171D1009F700CAF449 /* background.jpg */; };
		14810A1C1D1009F700CAF449 /* Note.jpg in Resources */ = {isa = PBXBuildFile; fileRef = 14810A191D1009F700CAF449 /* Note.jpg */; };
/* End PBXBuildFile section */

/* Begin PBXFileReference section */
		141003DB1D103F1900FF335F /* board.png */ = {isa = PBXFileReference; lastKnownFileType = image.png; path = board.png; sourceTree = "<group>"; };
		143232D41D1058A500AF4065 /* note1.png */ = {isa = PBXFileReference; lastKnownFileType = image.png; path = note1.png; sourceTree = "<group>"; };
		143232D51D1058A500AF4065 /* note2.png */ = {isa = PBXFileReference; lastKnownFileType = image.png; path = note2.png; sourceTree = "<group>"; };
		143232D61D1058A500AF4065 /* note3.png */ = {isa = PBXFileReference; lastKnownFileType = image.png; path = note3.png; sourceTree = "<group>"; };
		14810A011D10094500CAF449 /* MyMath.app */ = {isa = PBXFileReference; explicitFileType = wrapper.application; includeInIndex = 0; path = MyMath.app; sourceTree = BUILT_PRODUCTS_DIR; };
		14810A041D10094500CAF449 /* AppDelegate.swift */ = {isa = PBXFileReference; lastKnownFileType = sourcecode.swift; path = AppDelegate.swift; sourceTree = "<group>"; };
		14810A061D10094500CAF449 /* ViewController.swift */ = {isa = PBXFileReference; lastKnownFileType = sourcecode.swift; path = ViewController.swift; sourceTree = "<group>"; };
		14810A091D10094500CAF449 /* Base */ = {isa = PBXFileReference; lastKnownFileType = file.storyboard; name = Base; path = Base.lproj/Main.storyboard; sourceTree = "<group>"; };
		14810A0B1D10094500CAF449 /* Assets.xcassets */ = {isa = PBXFileReference; lastKnownFileType = folder.assetcatalog; path = Assets.xcassets; sourceTree = "<group>"; };
		14810A0E1D10094500CAF449 /* Base */ = {isa = PBXFileReference; lastKnownFileType = file.storyboard; name = Base; path = Base.lproj/LaunchScreen.storyboard; sourceTree = "<group>"; };
		14810A101D10094500CAF449 /* Info.plist */ = {isa = PBXFileReference; lastKnownFileType = text.plist.xml; path = Info.plist; sourceTree = "<group>"; };
		14810A171D1009F700CAF449 /* background.jpg */ = {isa = PBXFileReference; lastKnownFileType = image.jpeg; path = background.jpg; sourceTree = "<group>"; };
		14810A191D1009F700CAF449 /* Note.jpg */ = {isa = PBXFileReference; lastKnownFileType = image.jpeg; path = Note.jpg; sourceTree = "<group>"; };
/* End PBXFileReference section */

/* Begin PBXFrameworksBuildPhase section */
		148109FE1D10094500CAF449 /* Frameworks */ = {
			isa = PBXFrameworksBuildPhase;
			buildActionMask = 2147483647;
			files = (
			);
			runOnlyForDeploymentPostprocessing = 0;
		};
/* End PBXFrameworksBuildPhase section */

/* Begin PBXGroup section */
		148109F81D10094500CAF449 = {
			isa = PBXGroup;
			children = (
				14810A031D10094500CAF449 /* MyMath */,
				14810A021D10094500CAF449 /* Products */,
			);
			sourceTree = "<group>";
		};
		14810A021D10094500CAF449 /* Products */ = {
			isa = PBXGroup;
			children = (
				14810A011D10094500CAF449 /* MyMath.app */,
			);
			name = Products;
			sourceTree = "<group>";
		};
		14810A031D10094500CAF449 /* MyMath */ = {
			isa = PBXGroup;
			children = (
				14810A041D10094500CAF449 /* AppDelegate.swift */,
				14810A061D10094500CAF449 /* ViewController.swift */,
				14810A081D10094500CAF449 /* Main.storyboard */,
				14810A0B1D10094500CAF449 /* Assets.xcassets */,
				14810A0D1D10094500CAF449 /* LaunchScreen.storyboard */,
				14810A101D10094500CAF449 /* Info.plist */,
				14810A161D1009C600CAF449 /* Image */,
			);
			path = MyMath;
			sourceTree = "<group>";
		};
		14810A161D1009C600CAF449 /* Image */ = {
			isa = PBXGroup;
			children = (
				143232D41D1058A500AF4065 /* note1.png */,
				143232D51D1058A500AF4065 /* note2.png */,
				143232D61D1058A500AF4065 /* note3.png */,
				141003DB1D103F1900FF335F /* board.png */,
				14810A171D1009F700CAF449 /* background.jpg */,
				14810A191D1009F700CAF449 /* Note.jpg */,
			);
			name = Image;
			sourceTree = "<group>";
		};
/* End PBXGroup section */

/* Begin PBXNativeTarget section */
		14810A001D10094500CAF449 /* MyMath */ = {
			isa = PBXNativeTarget;
			buildConfigurationList = 14810A131D10094500CAF449 /* Build configuration list for PBXNativeTarget "MyMath" */;
			buildPhases = (
				148109FD1D10094500CAF449 /* Sources */,
				148109FE1D10094500CAF449 /* Frameworks */,
				148109FF1D10094500CAF449 /* Resources */,
			);
			buildRules = (
			);
			dependencies = (
			);
			name = MyMath;
			productName = MyMath;
			productReference = 14810A011D10094500CAF449 /* MyMath.app */;
			productType = "com.apple.product-type.application";
		};
/* End PBXNativeTarget section */

/* Begin PBXProject section */
		148109F91D10094500CAF449 /* Project object */ = {
			isa = PBXProject;
			attributes = {
				LastSwiftUpdateCheck = 0730;
				LastUpgradeCheck = 0730;
				ORGANIZATIONNAME = MyStudio;
				TargetAttributes = {
					14810A001D10094500CAF449 = {
						CreatedOnToolsVersion = 7.3.1;
					};
				};
			};
			buildConfigurationList = 148109FC1D10094500CAF449 /* Build configuration list for PBXProject "MyMath" */;
			compatibilityVersion = "Xcode 3.2";
			developmentRegion = English;
			hasScannedForEncodings = 0;
			knownRegions = (
				en,
				Base,
			);
			mainGroup = 148109F81D10094500CAF449;
			productRefGroup = 14810A021D10094500CAF449 /* Products */;
			projectDirPath = "";
			projectRoot = "";
			targets = (
				14810A001D10094500CAF449 /* MyMath */,
			);
		};
/* End PBXProject section */

/* Begin PBXResourcesBuildPhase section */
		148109FF1D10094500CAF449 /* Resources */ = {
			isa = PBXResourcesBuildPhase;
			buildActionMask = 2147483647;
			files = (
				143232D91D1058A500AF4065 /* note3.png in Resources */,
				141003DC1D103F1900FF335F /* board.png in Resources */,
				14810A0F1D10094500CAF449 /* LaunchScreen.storyboard in Resources */,
				14810A1A1D1009F700CAF449 /* background.jpg in Resources */,
				14810A0C1D10094500CAF449 /* Assets.xcassets in Resources */,
				143232D81D1058A500AF4065 /* note2.png in Resources */,
				14810A0A1D10094500CAF449 /* Main.storyboard in Resources */,
				14810A1C1D1009F700CAF449 /* Note.jpg in Resources */,
				143232D71D1058A500AF4065 /* note1.png in Resources */,
			);
			runOnlyForDeploymentPostprocessing = 0;
		};
/* End PBXResourcesBuildPhase section */

/* Begin PBXSourcesBuildPhase section */
		148109FD1D10094500CAF449 /* Sources */ = {
			isa = PBXSourcesBuildPhase;
			buildActionMask = 2147483647;
			files = (
				14810A071D10094500CAF449 /* ViewController.swift in Sources */,
				14810A051D10094500CAF449 /* AppDelegate.swift in Sources */,
			);
			runOnlyForDeploymentPostprocessing = 0;
		};
/* End PBXSourcesBuildPhase section */

/* Begin PBXVariantGroup section */
		14810A081D10094500CAF449 /* Main.storyboard */ = {
			isa = PBXVariantGroup;
			children = (
				14810A091D10094500CAF449 /* Base */,
			);
			name = Main.storyboard;
			sourceTree = "<group>";
		};
		14810A0D1D10094500CAF449 /* LaunchScreen.storyboard */ = {
			isa = PBXVariantGroup;
			children = (
				14810A0E1D10094500CAF449 /* Base */,
			);
			name = LaunchScreen.storyboard;
			sourceTree = "<group>";
		};
/* End PBXVariantGroup section */

/* Begin XCBuildConfiguration section */
		14810A111D10094500CAF449 /* Debug */ = {
			isa = XCBuildConfiguration;
			buildSettings = {
				ALWAYS_SEARCH_USER_PATHS = NO;
				CLANG_ANALYZER_NONNULL = YES;
				CLANG_CXX_LANGUAGE_STANDARD = "gnu++0x";
				CLANG_CXX_LIBRARY = "libc++";
				CLANG_ENABLE_MODULES = YES;
				CLANG_ENABLE_OBJC_ARC = YES;
				CLANG_WARN_BOOL_CONVERSION = YES;
				CLANG_WARN_CONSTANT_CONVERSION = YES;
				CLANG_WARN_DIRECT_OBJC_ISA_USAGE = YES_ERROR;
				CLANG_WARN_EMPTY_BODY = YES;
				CLANG_WARN_ENUM_CONVERSION = YES;
				CLANG_WARN_INT_CONVERSION = YES;
				CLANG_WARN_OBJC_ROOT_CLASS = YES_ERROR;
				CLANG_WARN_UNREACHABLE_CODE = YES;
				CLANG_WARN__DUPLICATE_METHOD_MATCH = YES;
				"CODE_SIGN_IDENTITY[sdk=iphoneos*]" = "iPhone Developer";
				COPY_PHASE_STRIP = NO;
				DEBUG_INFORMATION_FORMAT = dwarf;
				ENABLE_STRICT_OBJC_MSGSEND = YES;
				ENABLE_TESTABILITY = YES;
				GCC_C_LANGUAGE_STANDARD = gnu99;
				GCC_DYNAMIC_NO_PIC = NO;
				GCC_NO_COMMON_BLOCKS = YES;
				GCC_OPTIMIZATION_LEVEL = 0;
				GCC_PREPROCESSOR_DEFINITIONS = (
					"DEBUG=1",
					"$(inherited)",
				);
				GCC_WARN_64_TO_32_BIT_CONVERSION = YES;
				GCC_WARN_ABOUT_RETURN_TYPE = YES_ERROR;
				GCC_WARN_UNDECLARED_SELECTOR = YES;
				GCC_WARN_UNINITIALIZED_AUTOS = YES_AGGRESSIVE;
				GCC_WARN_UNUSED_FUNCTION = YES;
				GCC_WARN_UNUSED_VARIABLE = YES;
				IPHONEOS_DEPLOYMENT_TARGET = 9.3;
				MTL_ENABLE_DEBUG_INFO = YES;
				ONLY_ACTIVE_ARCH = YES;
				SDKROOT = iphoneos;
				SWIFT_OPTIMIZATION_LEVEL = "-Onone";
				TARGETED_DEVICE_FAMILY = "1,2";
			};
			name = Debug;
		};
		14810A121D10094500CAF449 /* Release */ = {
			isa = XCBuildConfiguration;
			buildSettings = {
				ALWAYS_SEARCH_USER_PATHS = NO;
				CLANG_ANALYZER_NONNULL = YES;
				CLANG_CXX_LANGUAGE_STANDARD = "gnu++0x";
				CLANG_CXX_LIBRARY = "libc++";
				CLANG_ENABLE_MODULES = YES;
				CLANG_ENABLE_OBJC_ARC = YES;
				CLANG_WARN_BOOL_CONVERSION = YES;
				CLANG_WARN_CONSTANT_CONVERSION = YES;
				CLANG_WARN_DIRECT_OBJC_ISA_USAGE = YES_ERROR;
				CLANG_WARN_EMPTY_BODY = YES;
				CLANG_WARN_ENUM_CONVERSION = YES;
				CLANG_WARN_INT_CONVERSION = YES;
				CLANG_WARN_OBJC_ROOT_CLASS = YES_ERROR;
				CLANG_WARN_UNREACHABLE_CODE = YES;
				CLANG_WARN__DUPLICATE_METHOD_MATCH = YES;
				"CODE_SIGN_IDENTITY[sdk=iphoneos*]" = "iPhone Developer";
				COPY_PHASE_STRIP = NO;
				DEBUG_INFORMATION_FORMAT = "dwarf-with-dsym";
				ENABLE_NS_ASSERTIONS = NO;
				ENABLE_STRICT_OBJC_MSGSEND = YES;
				GCC_C_LANGUAGE_STANDARD = gnu99;
				GCC_NO_COMMON_BLOCKS = YES;
				GCC_WARN_64_TO_32_BIT_CONVERSION = YES;
				GCC_WARN_ABOUT_RETURN_TYPE = YES_ERROR;
				GCC_WARN_UNDECLARED_SELECTOR = YES;
				GCC_WARN_UNINITIALIZED_AUTOS = YES_AGGRESSIVE;
				GCC_WARN_UNUSED_FUNCTION = YES;
				GCC_WARN_UNUSED_VARIABLE = YES;
				IPHONEOS_DEPLOYMENT_TARGET = 9.3;
				MTL_ENABLE_DEBUG_INFO = NO;
				SDKROOT = iphoneos;
				TARGETED_DEVICE_FAMILY = "1,2";
				VALIDATE_PRODUCT = YES;
			};
			name = Release;
		};
		14810A141D10094500CAF449 /* Debug */ = {
			isa = XCBuildConfiguration;
			buildSettings = {
				ASSETCATALOG_COMPILER_APPICON_NAME = AppIcon;
				INFOPLIST_FILE = MyMath/Info.plist;
				LD_RUNPATH_SEARCH_PATHS = "$(inherited) @executable_path/Frameworks";
				PRODUCT_BUNDLE_IDENTIFIER = com.MyStudio.MyMath;
				PRODUCT_NAME = "$(TARGET_NAME)";
			};
			name = Debug;
		};
		14810A151D10094500CAF449 /* Release */ = {
			isa = XCBuildConfiguration;
			buildSettings = {
				ASSETCATALOG_COMPILER_APPICON_NAME = AppIcon;
				INFOPLIST_FILE = MyMath/Info.plist;
				LD_RUNPATH_SEARCH_PATHS = "$(inherited) @executable_path/Frameworks";
				PRODUCT_BUNDLE_IDENTIFIER = com.MyStudio.MyMath;
				PRODUCT_NAME = "$(TARGET_NAME)";
			};
			name = Release;
		};
/* End XCBuildConfiguration section */

/* Begin XCConfigurationList section */
		148109FC1D10094500CAF449 /* Build configuration list for PBXProject "MyMath" */ = {
			isa = XCConfigurationList;
			buildConfigurations = (
				14810A111D10094500CAF449 /* Debug */,
				14810A121D10094500CAF449 /* Release */,
			);
			defaultConfigurationIsVisible = 0;
			defaultConfigurationName = Release;
		};
		14810A131D10094500CAF449 /* Build configuration list for PBXNativeTarget "MyMath" */ = {
			isa = XCConfigurationList;
			buildConfigurations = (
				14810A141D10094500CAF449 /* Debug */,
				14810A151D10094500CAF449 /* Release */,
			);
			defaultConfigurationIsVisible = 0;
			defaultConfigurationName = Release;
		};
/* End XCConfigurationList section */
	};
	rootObject = 148109F91D10094500CAF449 /* Project object */;
}
